
Microsoft Visual Studio Solution File, Format Version 12.00
# Visual Studio Version 16
VisualStudioVersion = 16.0.29102.190
MinimumVisualStudioVersion = 10.0.40219.1
Project("{FAE04EC0-301F-11D3-BF4B-00C04F79EFBC}") = "WpSpider", "WpSpider.csproj", "{14FB3A7C-EA55-4DB9-97AB-C2CB68F4C167}"
EndProject
Global
	GlobalSection(SolutionConfigurationPlatforms) = preSolution
		Debug|Any CPU = Debug|Any CPU
		Release|Any CPU = Release|Any CPU
	EndGlobalSection
	GlobalSection(ProjectConfigurationPlatforms) = postSolution
		{14FB3A7C-EA55-4DB9-97AB-C2CB68F4C167}.Debug|Any CPU.ActiveCfg = Debug|Any CPU
		{14FB3A7C-EA55-4DB9-97AB-C2CB68F4C167}.Debug|Any CPU.Build.0 = Debug|Any CPU
		{14FB3A7C-EA55-4DB9-97AB-C2CB68F4C167}.Release|Any CPU.ActiveCfg = Release|Any CPU
		{14FB3A7C-EA55-4DB9-97AB-C2CB68F4C167}.Release|Any CPU.Build.0 = Release|Any CPU
	EndGlobalSection
	GlobalSection(SolutionProperties) = preSolution
		HideSolutionNode = FALSE
	EndGlobalSection
	GlobalSection(ExtensibilityGlobals) = postSolution
		SolutionGuid = {5C07C9C5-FC90-476A-876E-8B57A6A1CF41}
	EndGlobalSection
EndGlobal
